# THIS IS AN AUTOGENERATED FILE. DO NOT EDIT THIS FILE DIRECTLY.
# yarn lockfile v1
amdefine@>=0.0.4:
  version "1.0.1"
  resolved "https://registry.yarnpkg.com/amdefine/-/amdefine-1.0.1.tgz#4a5282ac164729e93619bcfd3ad151f817ce91f5"

async@~0.2.6:
  version "0.2.10"
  resolved "https://registry.yarnpkg.com/async/-/async-0.2.10.tgz#b6bbe0b0674b9d719708ca38de8c237cb526c3d1"

balanced-match@^0.4.1:
  version "0.4.2"
  resolved "https://registry.yarnpkg.com/balanced-match/-/balanced-match-0.4.2.tgz#cb3f3e3c732dc0f01ee70b403f302e61d7709838"

bl@^0.7.0:
  version "0.7.0"
  resolved "https://registry.yarnpkg.com/bl/-/bl-0.7.0.tgz#3fb0670602ac2878eb770dc2039f1836be62ae5b"
  dependencies:
    readable-stream "~1.0.2"

brace-expansion@^1.0.0:
  version "1.1.6"
  resolved "https://registry.yarnpkg.com/brace-expansion/-/brace-expansion-1.1.6.tgz#7197d7eaa9b87e648390ea61fc66c84427420df9"
  dependencies:
    balanced-match "^0.4.1"
    concat-map "0.0.1"

clone-stats@~0.0.1:
  version "0.0.1"
  resolved "https://registry.yarnpkg.com/clone-stats/-/clone-stats-0.0.1.tgz#b88f94a82cf38b8791d58046ea4029ad88ca99d1"

concat-map@0.0.1:
  version "0.0.1"
  resolved "https://registry.yarnpkg.com/concat-map/-/concat-map-0.0.1.tgz#d8a96bd77fd68df7793a73036a3ba0d5405d477b"

core-util-is@~1.0.0:
  version "1.0.2"
  resolved "https://registry.yarnpkg.com/core-util-is/-/core-util-is-1.0.2.tgz#b5fd54220aa2bc5ab57aab7140c940754503c1a7"

find-index@^0.1.1:
  version "0.1.1"
  resolved "https://registry.yarnpkg.com/find-index/-/find-index-0.1.1.tgz#675d358b2ca3892d795a1ab47232f8b6e2e0dde4"

gaze@^0.5.1:
  version "0.5.2"
  resolved "https://registry.yarnpkg.com/gaze/-/gaze-0.5.2.tgz#40b709537d24d1d45767db5a908689dfe69ac44f"
  dependencies:
    globule "~0.1.0"

glob-stream@^3.1.5:
  version "3.1.18"
  resolved "https://registry.yarnpkg.com/glob-stream/-/glob-stream-3.1.18.tgz#9170a5f12b790306fdfe598f313f8f7954fd143b"
  dependencies:
    glob "^4.3.1"
    glob2base "^0.0.12"
    minimatch "^2.0.1"
    ordered-read-streams "^0.1.0"
    through2 "^0.6.1"
    unique-stream "^1.0.0"

glob-watcher@^0.0.6:
  version "0.0.6"
  resolved "https://registry.yarnpkg.com/glob-watcher/-/glob-watcher-0.0.6.tgz#b95b4a8df74b39c83298b0c05c978b4d9a3b710b"
  dependencies:
    gaze "^0.5.1"

glob@^4.3.1:
  version "4.5.3"
  resolved "https://registry.yarnpkg.com/glob/-/glob-4.5.3.tgz#c6cb73d3226c1efef04de3c56d012f03377ee15f"
  dependencies:
    inflight "^1.0.4"
    inherits "2"
    minimatch "^2.0.1"
    once "^1.3.0"

glob@~3.1.21:
  version "3.1.21"
  resolved "https://registry.yarnpkg.com/glob/-/glob-3.1.21.tgz#d29e0a055dea5138f4d07ed40e8982e83c2066cd"
  dependencies:
    graceful-fs "~1.2.0"
    inherits "1"
    minimatch "~0.2.11"

glob2base@^0.0.12:
  version "0.0.12"
  resolved "https://registry.yarnpkg.com/glob2base/-/glob2base-0.0.12.tgz#9d419b3e28f12e83a362164a277055922c9c0d56"
  dependencies:
    find-index "^0.1.1"

globule@~0.1.0:
  version "0.1.0"
  resolved "https://registry.yarnpkg.com/globule/-/globule-0.1.0.tgz#d9c8edde1da79d125a151b79533b978676346ae5"
  dependencies:
    glob "~3.1.21"
    lodash "~1.0.1"
    minimatch "~0.2.11"

graceful-fs@^2.0.1:
  version "2.0.3"
  resolved "https://registry.yarnpkg.com/graceful-fs/-/graceful-fs-2.0.3.tgz#7cd2cdb228a4a3f36e95efa6cc142de7d1a136d0"

graceful-fs@~1.2.0:
  version "1.2.3"
  resolved "https://registry.yarnpkg.com/graceful-fs/-/graceful-fs-1.2.3.tgz#15a4806a57547cb2d2dbf27f42e89a8c3451b364"

handlebars@^2.0.0-alpha.2:
  version "2.0.0"
  resolved "https://registry.yarnpkg.com/handlebars/-/handlebars-2.0.0.tgz#6e9d7f8514a3467fa5e9f82cc158ecfc1d5ac76f"
  dependencies:
    optimist "~0.3"
  optionalDependencies:
    uglify-js "~2.3"

inflight@^1.0.4:
  version "1.0.6"
  resolved "https://registry.yarnpkg.com/inflight/-/inflight-1.0.6.tgz#49bd6331d7d02d0c09bc910a1075ba8165b56df9"
  dependencies:
    once "^1.3.0"
    wrappy "1"

inherits@~2.0.1, inherits@2:
  version "2.0.3"
  resolved "https://registry.yarnpkg.com/inherits/-/inherits-2.0.3.tgz#633c2c83e3da42a502f52466022480f4208261de"

inherits@1:
  version "1.0.2"
  resolved "https://registry.yarnpkg.com/inherits/-/inherits-1.0.2.tgz#ca4309dadee6b54cc0b8d247e8d7c7a0975bdc9b"

isarray@0.0.1:
  version "0.0.1"
  resolved "https://registry.yarnpkg.com/isarray/-/isarray-0.0.1.tgz#8a18acfca9a8f4177e09abfc6038939b05d1eedf"

lodash@~1.0.1:
  version "1.0.2"
  resolved "https://registry.yarnpkg.com/lodash/-/lodash-1.0.2.tgz#8f57560c83b59fc270bd3d561b690043430e2551"

lru-cache@2:
  version "2.7.3"
  resolved "https://registry.yarnpkg.com/lru-cache/-/lru-cache-2.7.3.tgz#6d4524e8b955f95d4f5b58851ce21dd72fb4e952"

map-stream@^0.1.0:
  version "0.1.0"
  resolved "https://registry.yarnpkg.com/map-stream/-/map-stream-0.1.0.tgz#e56aa94c4c8055a16404a0674b78f215f7c8e194"

minimatch@^2.0.1:
  version "2.0.10"
  resolved "https://registry.yarnpkg.com/minimatch/-/minimatch-2.0.10.tgz#8d087c39c6b38c001b97fca7ce6d0e1e80afbac7"
  dependencies:
    brace-expansion "^1.0.0"

minimatch@~0.2.11:
  version "0.2.14"
  resolved "https://registry.yarnpkg.com/minimatch/-/minimatch-0.2.14.tgz#c74e780574f63c6f9a090e90efbe6ef53a6a756a"
  dependencies:
    lru-cache "2"
    sigmund "~1.0.0"

mkdirp@^0.3.5:
  version "0.3.5"
  resolved "https://registry.yarnpkg.com/mkdirp/-/mkdirp-0.3.5.tgz#de3e5f8961c88c787ee1368df849ac4413eca8d7"

new-from@0.0.3:
  version "0.0.3"
  resolved "https://registry.yarnpkg.com/new-from/-/new-from-0.0.3.tgz#1c4ad13613de3e15d6321b70ed5c23937ea25e67"
  dependencies:
    readable-stream "~1.1.8"

object-keys@~0.4.0:
  version "0.4.0"
  resolved "https://registry.yarnpkg.com/object-keys/-/object-keys-0.4.0.tgz#28a6aae7428dd2c3a92f3d95f21335dd204e0336"

once@^1.3.0:
  version "1.4.0"
  resolved "https://registry.yarnpkg.com/once/-/once-1.4.0.tgz#583b1aa775961d4b113ac17d9c50baef9dd76bd1"
  dependencies:
    wrappy "1"

optimist@~0.3, optimist@~0.3.5:
  version "0.3.7"
  resolved "https://registry.yarnpkg.com/optimist/-/optimist-0.3.7.tgz#c90941ad59e4273328923074d2cf2e7cbc6ec0d9"
  dependencies:
    wordwrap "~0.0.2"

ordered-read-streams@^0.1.0:
  version "0.1.0"
  resolved "https://registry.yarnpkg.com/ordered-read-streams/-/ordered-read-streams-0.1.0.tgz#fd565a9af8eb4473ba69b6ed8a34352cb552f126"

"readable-stream@>=1.0.33-1 <1.1.0-0", readable-stream@~1.0.17, readable-stream@~1.0.2:
  version "1.0.34"
  resolved "https://registry.yarnpkg.com/readable-stream/-/readable-stream-1.0.34.tgz#125820e34bc842d2f2aaafafe4c2916ee32c157c"
  dependencies:
    core-util-is "~1.0.0"
    inherits "~2.0.1"
    isarray "0.0.1"
    string_decoder "~0.10.x"

readable-stream@~1.1.8:
  version "1.1.14"
  resolved "https://registry.yarnpkg.com/readable-stream/-/readable-stream-1.1.14.tgz#7cf4c54ef648e3813084c636dd2079e166c081d9"
  dependencies:
    core-util-is "~1.0.0"
    inherits "~2.0.1"
    isarray "0.0.1"
    string_decoder "~0.10.x"

sigmund@~1.0.0:
  version "1.0.1"
  resolved "https://registry.yarnpkg.com/sigmund/-/sigmund-1.0.1.tgz#3ff21f198cad2175f9f3b781853fd94d0d19b590"

source-map@~0.1.7:
  version "0.1.43"
  resolved "https://registry.yarnpkg.com/source-map/-/source-map-0.1.43.tgz#c24bc146ca517c1471f5dacbe2571b2b7f9e3346"
  dependencies:
    amdefine ">=0.0.4"

string_decoder@~0.10.x:
  version "0.10.31"
  resolved "https://registry.yarnpkg.com/string_decoder/-/string_decoder-0.10.31.tgz#62e203bc41766c6c28c9fc84301dab1c5310fa94"

through2@^0.4.1:
  version "0.4.2"
  resolved "https://registry.yarnpkg.com/through2/-/through2-0.4.2.tgz#dbf5866031151ec8352bb6c4db64a2292a840b9b"
  dependencies:
    readable-stream "~1.0.17"
    xtend "~2.1.1"

through2@^0.6.1:
  version "0.6.5"
  resolved "https://registry.yarnpkg.com/through2/-/through2-0.6.5.tgz#41ab9c67b29d57209071410e1d7a7a968cd3ad48"
  dependencies:
    readable-stream ">=1.0.33-1 <1.1.0-0"
    xtend ">=4.0.0 <4.1.0-0"

uglify-js@~2.3:
  version "2.3.6"
  resolved "https://registry.yarnpkg.com/uglify-js/-/uglify-js-2.3.6.tgz#fa0984770b428b7a9b2a8058f46355d14fef211a"
  dependencies:
    async "~0.2.6"
    optimist "~0.3.5"
    source-map "~0.1.7"

unique-stream@^1.0.0:
  version "1.0.0"
  resolved "https://registry.yarnpkg.com/unique-stream/-/unique-stream-1.0.0.tgz#d59a4a75427447d9aa6c91e70263f8d26a4b104b"

vinyl-fs@^0.1.4:
  version "0.1.4"
  resolved "https://registry.yarnpkg.com/vinyl-fs/-/vinyl-fs-0.1.4.tgz#436f7818b68854cb7425cd32fabd75f2cc6d321f"
  dependencies:
    glob-stream "^3.1.5"
    glob-watcher "^0.0.6"
    graceful-fs "^2.0.1"
    map-stream "^0.1.0"
    mkdirp "^0.3.5"
    vinyl "^0.2.0"

vinyl-map@^1.0.1:
  version "1.0.1"
  resolved "https://registry.yarnpkg.com/vinyl-map/-/vinyl-map-1.0.1.tgz#ccf64572a7be1c0b40190cd797cf5c2079f5ca1d"
  dependencies:
    bl "^0.7.0"
    new-from "0.0.3"
    through2 "^0.4.1"

vinyl@^0.2.0:
  version "0.2.3"
  resolved "https://registry.yarnpkg.com/vinyl/-/vinyl-0.2.3.tgz#bca938209582ec5a49ad538a00fa1f125e513252"
  dependencies:
    clone-stats "~0.0.1"

wordwrap@~0.0.2:
  version "0.0.3"
  resolved "https://registry.yarnpkg.com/wordwrap/-/wordwrap-0.0.3.tgz#a3d5da6cd5c0bc0008d37234bbaf1bed63059107"

wrappy@1:
  version "1.0.2"
  resolved "https://registry.yarnpkg.com/wrappy/-/wrappy-1.0.2.tgz#b5243d8f3ec1aa35f1364605bc0d1036e30ab69f"

"xtend@>=4.0.0 <4.1.0-0":
  version "4.0.1"
  resolved "https://registry.yarnpkg.com/xtend/-/xtend-4.0.1.tgz#a5c6d532be656e23db820efb943a1f04998d63af"

xtend@~2.1.1:
  version "2.1.2"
  resolved "https://registry.yarnpkg.com/xtend/-/xtend-2.1.2.tgz#6efecc2a4dad8e6962c4901b337ce7ba87b5d28b"
  dependencies:
    object-keys "~0.4.0"

